# This file was autogenerated by Stack.
# You should not edit this file by hand.
# For more information, please see the documentation at:
#   https://docs.haskellstack.org/en/stable/lock_files

packages:
- completed:
    hackage: env-guard-0.2@sha256:feaecb437c597537dbef656300068c50a97e28ae83a8b63426ee14a1413207f5,1312
    pantry-tree:
      sha256: af965e0380b7a6889116657802e98b8b6e982bb2ea6550151b7d2abd364f3074
      size: 419
  original:
    hackage: env-guard-0.2@sha256:feaecb437c597537dbef656300068c50a97e28ae83a8b63426ee14a1413207f5,1312
- completed:
    hackage: package-version-0.2@sha256:b326d1af39fb3960846fcb3e4dc73d8f51c3bedbf1c08ca97c086462de829519,2781
    pantry-tree:
      sha256: 0313e1494edd350cd2b2c60890a8ee64d5ad3e74cb4df3942cebdd3746ba6f99
      size: 1040
  original:
    hackage: package-version-0.2@sha256:b326d1af39fb3960846fcb3e4dc73d8f51c3bedbf1c08ca97c086462de829519,2781
- completed:
    commit: c8aaa4495964ecea9bb898c4fcb8b1c718ecc813
    git: https://github.com/tbidne/algebra-simple.git
    name: algebra-simple
    pantry-tree:
      sha256: 35146456af251b3f9726d520aa8caa62b35a4102205a493eab9c5f41697d7b67
      size: 4285
    version: '0.1'
  original:
    commit: c8aaa4495964ecea9bb898c4fcb8b1c718ecc813
    git: https://github.com/tbidne/algebra-simple.git
- completed:
    commit: 7a8832ef4a55d565e72fab553a4d485329235bf7
    git: https://github.com/tbidne/bounds.git
    name: bounds
    pantry-tree:
      sha256: 6a960a4a889dde6f76ffdead9abdcbe8ac3efc17f24c4ff7594861c41070a667
      size: 1474
    version: '0.1'
  original:
    commit: 7a8832ef4a55d565e72fab553a4d485329235bf7
    git: https://github.com/tbidne/bounds.git
- completed:
    commit: a7e1cd9824ca72c970a8a33ecd77256863bfc071
    git: https://github.com/tbidne/byte-types.git
    name: byte-types
    pantry-tree:
      sha256: 6dcbe82d513f6ad298f22fff1937dcd051c6f87744d2a7bdd0f83ba7157e0f00
      size: 9212
    version: '0.1'
  original:
    commit: a7e1cd9824ca72c970a8a33ecd77256863bfc071
    git: https://github.com/tbidne/byte-types.git
snapshots:
- completed:
    sha256: d3ba2e94c3ccbd3da4949243c83b59667c5eb9ffc7646148661c16741bbad1d4
    size: 643623
    url: https://raw.githubusercontent.com/commercialhaskell/stackage-snapshots/master/nightly/2022/10/11.yaml
  original: nightly-2022-10-11
